{
  "name": "prepros-project",
  "version": "1.0.0",
  "lockfileVersion": 1,
  "requires": true,
  "dependencies": {
    "@fancyapps/ui": {
      "version": "4.0.15",
      "resolved": "https://registry.npmjs.org/@fancyapps/ui/-/ui-4.0.15.tgz",
      "integrity": "sha512-26510jT4/bXLUC6v1k1+Xp3u0nkasF/8wxrESDAhXVDJL4G/zpEoMxSkenEq6MBu45VfBoZ6+DMX29OSZLwZOw=="
    }
  }
}
